
Microsoft Visual Studio Solution File, Format Version 12.00
# Visual Studio Version 17
VisualStudioVersion = 17.1.31911.260
MinimumVisualStudioVersion = 10.0.40219.1
Project("{FAE04EC0-301F-11D3-BF4B-00C04F79EFBC}") = "Telop_Sample", "Telop_Sample\Telop_Sample.csproj", "{A3BB2112-C746-494E-9736-B6679294AEDF}"
EndProject
Global
	GlobalSection(SolutionConfigurationPlatforms) = preSolution
		Debug|Any CPU = Debug|Any CPU
		Release|Any CPU = Release|Any CPU
	EndGlobalSection
	GlobalSection(ProjectConfigurationPlatforms) = postSolution
		{A3BB2112-C746-494E-9736-B6679294AEDF}.Debug|Any CPU.ActiveCfg = Debug|Any CPU
		{A3BB2112-C746-494E-9736-B6679294AEDF}.Debug|Any CPU.Build.0 = Debug|Any CPU
		{A3BB2112-C746-494E-9736-B6679294AEDF}.Release|Any CPU.ActiveCfg = Release|Any CPU
		{A3BB2112-C746-494E-9736-B6679294AEDF}.Release|Any CPU.Build.0 = Release|Any CPU
	EndGlobalSection
	GlobalSection(SolutionProperties) = preSolution
		HideSolutionNode = FALSE
	EndGlobalSection
	GlobalSection(ExtensibilityGlobals) = postSolution
		SolutionGuid = {4217F6D6-E447-4A23-B82F-2C316664BA76}
	EndGlobalSection
EndGlobal
